// !$*UTF8*$!
{
	archiveVersion = 1;
	classes = {
	};
	objectVersion = 77;
	objects = {

/* Begin PBXContainerItemProxy section */
		84C1FB3B2D3E97A2003B0FB9 /* PBXContainerItemProxy */ = {
			isa = PBXContainerItemProxy;
			containerPortal = 84C1FB202D3E97A0003B0FB9 /* Project object */;
			proxyType = 1;
			remoteGlobalIDString = 84C1FB272D3E97A0003B0FB9;
			remoteInfo = chefhelper;
		};
		84C1FB452D3E97A2003B0FB9 /* PBXContainerItemProxy */ = {
			isa = PBXContainerItemProxy;
			containerPortal = 84C1FB202D3E97A0003B0FB9 /* Project object */;
			proxyType = 1;
			remoteGlobalIDString = 84C1FB272D3E97A0003B0FB9;
			remoteInfo = chefhelper;
		};
/* End PBXContainerItemProxy section */

/* Begin PBXFileReference section */
		84C1FB282D3E97A0003B0FB9 /* chefhelper.app */ = {isa = PBXFileReference; explicitFileType = wrapper.application; includeInIndex = 0; path = chefhelper.app; sourceTree = BUILT_PRODUCTS_DIR; };
		84C1FB3A2D3E97A2003B0FB9 /* chefhelperTests.xctest */ = {isa = PBXFileReference; explicitFileType = wrapper.cfbundle; includeInIndex = 0; path = chefhelperTests.xctest; sourceTree = BUILT_PRODUCTS_DIR; };
		84C1FB442D3E97A2003B0FB9 /* chefhelperUITests.xctest */ = {isa = PBXFileReference; explicitFileType = wrapper.cfbundle; includeInIndex = 0; path = chefhelperUITests.xctest; sourceTree = BUILT_PRODUCTS_DIR; };
/* End PBXFileReference section */

/* Begin PBXFileSystemSynchronizedRootGroup section */
		84C1FB2A2D3E97A0003B0FB9 /* chefhelper */ = {
			isa = PBXFileSystemSynchronizedRootGroup;
			path = chefhelper;
			sourceTree = "<group>";
		};
		84C1FB3D2D3E97A2003B0FB9 /* chefhelperTests */ = {
			isa = PBXFileSystemSynchronizedRootGroup;
			path = chefhelperTests;
			sourceTree = "<group>";
		};
		84C1FB472D3E97A2003B0FB9 /* chefhelperUITests */ = {
			isa = PBXFileSystemSynchronizedRootGroup;
			path = chefhelperUITests;
			sourceTree = "<group>";
		};
/* End PBXFileSystemSynchronizedRootGroup section */

/* Begin PBXFrameworksBuildPhase section */
		84C1FB252D3E97A0003B0FB9 /* Frameworks */ = {
			isa = PBXFrameworksBuildPhase;
			buildActionMask = 2147483647;
			files = (
			);
			runOnlyForDeploymentPostprocessing = 0;
		};
		84C1FB372D3E97A2003B0FB9 /* Frameworks */ = {
			isa = PBXFrameworksBuildPhase;
			buildActionMask = 2147483647;
			files = (
			);
			runOnlyForDeploymentPostprocessing = 0;
		};
		84C1FB412D3E97A2003B0FB9 /* Frameworks */ = {
			isa = PBXFrameworksBuildPhase;
			buildActionMask = 2147483647;
			files = (
			);
			runOnlyForDeploymentPostprocessing = 0;
		};
/* End PBXFrameworksBuildPhase section */

/* Begin PBXGroup section */
		84C1FB1F2D3E97A0003B0FB9 = {
			isa = PBXGroup;
			children = (
				84C1FB2A2D3E97A0003B0FB9 /* chefhelper */,
				84C1FB3D2D3E97A2003B0FB9 /* chefhelperTests */,
				84C1FB472D3E97A2003B0FB9 /* chefhelperUITests */,
				84C1FB292D3E97A0003B0FB9 /* Products */,
			);
			sourceTree = "<group>";
		};
		84C1FB292D3E97A0003B0FB9 /* Products */ = {
			isa = PBXGroup;
			children = (
				84C1FB282D3E97A0003B0FB9 /* chefhelper.app */,
				84C1FB3A2D3E97A2003B0FB9 /* chefhelperTests.xctest */,
				84C1FB442D3E97A2003B0FB9 /* chefhelperUITests.xctest */,
			);
			name = Products;
			sourceTree = "<group>";
		};
/* End PBXGroup section */

/* Begin PBXNativeTarget section */
		84C1FB272D3E97A0003B0FB9 /* chefhelper */ = {
			isa = PBXNativeTarget;
			buildConfigurationList = 84C1FB4E2D3E97A2003B0FB9 /* Build configuration list for PBXNativeTarget "chefhelper" */;
			buildPhases = (
				84C1FB242D3E97A0003B0FB9 /* Sources */,
				84C1FB252D3E97A0003B0FB9 /* Frameworks */,
				84C1FB262D3E97A0003B0FB9 /* Resources */,
			);
			buildRules = (
			);
			dependencies = (
			);
			fileSystemSynchronizedGroups = (
				84C1FB2A2D3E97A0003B0FB9 /* chefhelper */,
			);
			name = chefhelper;
			packageProductDependencies = (
			);
			productName = chefhelper;
			productReference = 84C1FB282D3E97A0003B0FB9 /* chefhelper.app */;
			productType = "com.apple.product-type.application";
		};
		84C1FB392D3E97A2003B0FB9 /* chefhelperTests */ = {
			isa = PBXNativeTarget;
			buildConfigurationList = 84C1FB512D3E97A2003B0FB9 /* Build configuration list for PBXNativeTarget "chefhelperTests" */;
			buildPhases = (
				84C1FB362D3E97A2003B0FB9 /* Sources */,
				84C1FB372D3E97A2003B0FB9 /* Frameworks */,
				84C1FB382D3E97A2003B0FB9 /* Resources */,
			);
			buildRules = (
			);
			dependencies = (
				84C1FB3C2D3E97A2003B0FB9 /* PBXTargetDependency */,
			);
			fileSystemSynchronizedGroups = (
				84C1FB3D2D3E97A2003B0FB9 /* chefhelperTests */,
			);
			name = chefhelperTests;
			packageProductDependencies = (
			);
			productName = chefhelperTests;
			productReference = 84C1FB3A2D3E97A2003B0FB9 /* chefhelperTests.xctest */;
			productType = "com.apple.product-type.bundle.unit-test";
		};
		84C1FB432D3E97A2003B0FB9 /* chefhelperUITests */ = {
			isa = PBXNativeTarget;
			buildConfigurationList = 84C1FB542D3E97A2003B0FB9 /* Build configuration list for PBXNativeTarget "chefhelperUITests" */;
			buildPhases = (
				84C1FB402D3E97A2003B0FB9 /* Sources */,
				84C1FB412D3E97A2003B0FB9 /* Frameworks */,
				84C1FB422D3E97A2003B0FB9 /* Resources */,
			);
			buildRules = (
			);
			dependencies = (
				84C1FB462D3E97A2003B0FB9 /* PBXTargetDependency */,
			);
			fileSystemSynchronizedGroups = (
				84C1FB472D3E97A2003B0FB9 /* chefhelperUITests */,
			);
			name = chefhelperUITests;
			packageProductDependencies = (
			);
			productName = chefhelperUITests;
			productReference = 84C1FB442D3E97A2003B0FB9 /* chefhelperUITests.xctest */;
			productType = "com.apple.product-type.bundle.ui-testing";
		};
/* End PBXNativeTarget section */

/* Begin PBXProject section */
		84C1FB202D3E97A0003B0FB9 /* Project object */ = {
			isa = PBXProject;
			attributes = {
				BuildIndependentTargetsInParallel = 1;
				LastSwiftUpdateCheck = 1620;
				LastUpgradeCheck = 1620;
				TargetAttributes = {
					84C1FB272D3E97A0003B0FB9 = {
						CreatedOnToolsVersion = 16.2;
					};
					84C1FB392D3E97A2003B0FB9 = {
						CreatedOnToolsVersion = 16.2;
						TestTargetID = 84C1FB272D3E97A0003B0FB9;
					};
					84C1FB432D3E97A2003B0FB9 = {
						CreatedOnToolsVersion = 16.2;
						TestTargetID = 84C1FB272D3E97A0003B0FB9;
					};
				};
			};
			buildConfigurationList = 84C1FB232D3E97A0003B0FB9 /* Build configuration list for PBXProject "chefhelper" */;
			developmentRegion = en;
			hasScannedForEncodings = 0;
			knownRegions = (
				en,
				Base,
				fi,
				sv,
				es,
				it,
				fr,
			);
			mainGroup = 84C1FB1F2D3E97A0003B0FB9;
			minimizedProjectReferenceProxies = 1;
			preferredProjectObjectVersion = 77;
			productRefGroup = 84C1FB292D3E97A0003B0FB9 /* Products */;
			projectDirPath = "";
			projectRoot = "";
			targets = (
				84C1FB272D3E97A0003B0FB9 /* chefhelper */,
				84C1FB392D3E97A2003B0FB9 /* chefhelperTests */,
				84C1FB432D3E97A2003B0FB9 /* chefhelperUITests */,
			);
		};
/* End PBXProject section */

/* Begin PBXResourcesBuildPhase section */
		84C1FB262D3E97A0003B0FB9 /* Resources */ = {
			isa = PBXResourcesBuildPhase;
			buildActionMask = 2147483647;
			files = (
			);
			runOnlyForDeploymentPostprocessing = 0;
		};
		84C1FB382D3E97A2003B0FB9 /* Resources */ = {
			isa = PBXResourcesBuildPhase;
			buildActionMask = 2147483647;
			files = (
			);
			runOnlyForDeploymentPostprocessing = 0;
		};
		84C1FB422D3E97A2003B0FB9 /* Resources */ = {
			isa = PBXResourcesBuildPhase;
			buildActionMask = 2147483647;
			files = (
			);
			runOnlyForDeploymentPostprocessing = 0;
		};
/* End PBXResourcesBuildPhase section */

/* Begin PBXSourcesBuildPhase section */
		84C1FB242D3E97A0003B0FB9 /* Sources */ = {
			isa = PBXSourcesBuildPhase;
			buildActionMask = 2147483647;
			files = (
			);
			runOnlyForDeploymentPostprocessing = 0;
		};
		84C1FB362D3E97A2003B0FB9 /* Sources */ = {
			isa = PBXSourcesBuildPhase;
			buildActionMask = 2147483647;
			files = (
			);
			runOnlyForDeploymentPostprocessing = 0;
		};
		84C1FB402D3E97A2003B0FB9 /* Sources */ = {
			isa = PBXSourcesBuildPhase;
			buildActionMask = 2147483647;
			files = (
			);
			runOnlyForDeploymentPostprocessing = 0;
		};
/* End PBXSourcesBuildPhase section */

/* Begin PBXTargetDependency section */
		84C1FB3C2D3E97A2003B0FB9 /* PBXTargetDependency */ = {
			isa = PBXTargetDependency;
			target = 84C1FB272D3E97A0003B0FB9 /* chefhelper */;
			targetProxy = 84C1FB3B2D3E97A2003B0FB9 /* PBXContainerItemProxy */;
		};
		84C1FB462D3E97A2003B0FB9 /* PBXTargetDependency */ = {
			isa = PBXTargetDependency;
			target = 84C1FB272D3E97A0003B0FB9 /* chefhelper */;
			targetProxy = 84C1FB452D3E97A2003B0FB9 /* PBXContainerItemProxy */;
		};
/* End PBXTargetDependency section */

/* Begin XCBuildConfiguration section */
		84C1FB4C2D3E97A2003B0FB9 /* Debug */ = {
			isa = XCBuildConfiguration;
			buildSettings = {
				ALWAYS_SEARCH_USER_PATHS = NO;
				ASSETCATALOG_COMPILER_GENERATE_SWIFT_ASSET_SYMBOL_EXTENSIONS = YES;
				CLANG_ANALYZER_NONNULL = YES;
				CLANG_ANALYZER_NUMBER_OBJECT_CONVERSION = YES_AGGRESSIVE;
				CLANG_CXX_LANGUAGE_STANDARD = "gnu++20";
				CLANG_ENABLE_MODULES = YES;
				CLANG_ENABLE_OBJC_ARC = YES;
				CLANG_ENABLE_OBJC_WEAK = YES;
				CLANG_WARN_BLOCK_CAPTURE_AUTORELEASING = YES;
				CLANG_WARN_BOOL_CONVERSION = YES;
				CLANG_WARN_COMMA = YES;
				CLANG_WARN_CONSTANT_CONVERSION = YES;
				CLANG_WARN_DEPRECATED_OBJC_IMPLEMENTATIONS = YES;
				CLANG_WARN_DIRECT_OBJC_ISA_USAGE = YES_ERROR;
				CLANG_WARN_DOCUMENTATION_COMMENTS = YES;
				CLANG_WARN_EMPTY_BODY = YES;
				CLANG_WARN_ENUM_CONVERSION = YES;
				CLANG_WARN_INFINITE_RECURSION = YES;
				CLANG_WARN_INT_CONVERSION = YES;
				CLANG_WARN_NON_LITERAL_NULL_CONVERSION = YES;
				CLANG_WARN_OBJC_IMPLICIT_RETAIN_SELF = YES;
				CLANG_WARN_OBJC_LITERAL_CONVERSION = YES;
				CLANG_WARN_OBJC_ROOT_CLASS = YES_ERROR;
				CLANG_WARN_QUOTED_INCLUDE_IN_FRAMEWORK_HEADER = YES;
				CLANG_WARN_RANGE_LOOP_ANALYSIS = YES;
				CLANG_WARN_STRICT_PROTOTYPES = YES;
				CLANG_WARN_SUSPICIOUS_MOVE = YES;
				CLANG_WARN_UNGUARDED_AVAILABILITY = YES_AGGRESSIVE;
				CLANG_WARN_UNREACHABLE_CODE = YES;
				CLANG_WARN__DUPLICATE_METHOD_MATCH = YES;
				COPY_PHASE_STRIP = NO;
				DEBUG_INFORMATION_FORMAT = dwarf;
				ENABLE_STRICT_OBJC_MSGSEND = YES;
				ENABLE_TESTABILITY = YES;
				ENABLE_USER_SCRIPT_SANDBOXING = YES;
				GCC_C_LANGUAGE_STANDARD = gnu17;
				GCC_DYNAMIC_NO_PIC = NO;
				GCC_NO_COMMON_BLOCKS = YES;
				GCC_OPTIMIZATION_LEVEL = 0;
				GCC_PREPROCESSOR_DEFINITIONS = (
					"DEBUG=1",
					"$(inherited)",
				);
				GCC_WARN_64_TO_32_BIT_CONVERSION = YES;
				GCC_WARN_ABOUT_RETURN_TYPE = YES_ERROR;
				GCC_WARN_UNDECLARED_SELECTOR = YES;
				GCC_WARN_UNINITIALIZED_AUTOS = YES_AGGRESSIVE;
				GCC_WARN_UNUSED_FUNCTION = YES;
				GCC_WARN_UNUSED_VARIABLE = YES;
				IPHONEOS_DEPLOYMENT_TARGET = 18.2;
				LOCALIZATION_PREFERS_STRING_CATALOGS = YES;
				MTL_ENABLE_DEBUG_INFO = INCLUDE_SOURCE;
				MTL_FAST_MATH = YES;
				ONLY_ACTIVE_ARCH = YES;
				SDKROOT = iphoneos;
				SWIFT_ACTIVE_COMPILATION_CONDITIONS = "DEBUG $(inherited)";
				SWIFT_OPTIMIZATION_LEVEL = "-Onone";
			};
			name = Debug;
		};
		84C1FB4D2D3E97A2003B0FB9 /* Release */ = {
			isa = XCBuildConfiguration;
			buildSettings = {
				ALWAYS_SEARCH_USER_PATHS = NO;
				ASSETCATALOG_COMPILER_GENERATE_SWIFT_ASSET_SYMBOL_EXTENSIONS = YES;
				CLANG_ANALYZER_NONNULL = YES;
				CLANG_ANALYZER_NUMBER_OBJECT_CONVERSION = YES_AGGRESSIVE;
				CLANG_CXX_LANGUAGE_STANDARD = "gnu++20";
				CLANG_ENABLE_MODULES = YES;
				CLANG_ENABLE_OBJC_ARC = YES;
				CLANG_ENABLE_OBJC_WEAK = YES;
				CLANG_WARN_BLOCK_CAPTURE_AUTORELEASING = YES;
				CLANG_WARN_BOOL_CONVERSION = YES;
				CLANG_WARN_COMMA = YES;
				CLANG_WARN_CONSTANT_CONVERSION = YES;
				CLANG_WARN_DEPRECATED_OBJC_IMPLEMENTATIONS = YES;
				CLANG_WARN_DIRECT_OBJC_ISA_USAGE = YES_ERROR;
				CLANG_WARN_DOCUMENTATION_COMMENTS = YES;
				CLANG_WARN_EMPTY_BODY = YES;
				CLANG_WARN_ENUM_CONVERSION = YES;
				CLANG_WARN_INFINITE_RECURSION = YES;
				CLANG_WARN_INT_CONVERSION = YES;
				CLANG_WARN_NON_LITERAL_NULL_CONVERSION = YES;
				CLANG_WARN_OBJC_IMPLICIT_RETAIN_SELF = YES;
				CLANG_WARN_OBJC_LITERAL_CONVERSION = YES;
				CLANG_WARN_OBJC_ROOT_CLASS = YES_ERROR;
				CLANG_WARN_QUOTED_INCLUDE_IN_FRAMEWORK_HEADER = YES;
				CLANG_WARN_RANGE_LOOP_ANALYSIS = YES;
				CLANG_WARN_STRICT_PROTOTYPES = YES;
				CLANG_WARN_SUSPICIOUS_MOVE = YES;
				CLANG_WARN_UNGUARDED_AVAILABILITY = YES_AGGRESSIVE;
				CLANG_WARN_UNREACHABLE_CODE = YES;
				CLANG_WARN__DUPLICATE_METHOD_MATCH = YES;
				COPY_PHASE_STRIP = NO;
				DEBUG_INFORMATION_FORMAT = "dwarf-with-dsym";
				ENABLE_NS_ASSERTIONS = NO;
				ENABLE_STRICT_OBJC_MSGSEND = YES;
				ENABLE_USER_SCRIPT_SANDBOXING = YES;
				GCC_C_LANGUAGE_STANDARD = gnu17;
				GCC_NO_COMMON_BLOCKS = YES;
				GCC_WARN_64_TO_32_BIT_CONVERSION = YES;
				GCC_WARN_ABOUT_RETURN_TYPE = YES_ERROR;
				GCC_WARN_UNDECLARED_SELECTOR = YES;
				GCC_WARN_UNINITIALIZED_AUTOS = YES_AGGRESSIVE;
				GCC_WARN_UNUSED_FUNCTION = YES;
				GCC_WARN_UNUSED_VARIABLE = YES;
				IPHONEOS_DEPLOYMENT_TARGET = 18.2;
				LOCALIZATION_PREFERS_STRING_CATALOGS = YES;
				MTL_ENABLE_DEBUG_INFO = NO;
				MTL_FAST_MATH = YES;
				SDKROOT = iphoneos;
				SWIFT_COMPILATION_MODE = wholemodule;
				VALIDATE_PRODUCT = YES;
			};
			name = Release;
		};
		84C1FB4F2D3E97A2003B0FB9 /* Debug */ = {
			isa = XCBuildConfiguration;
			buildSettings = {
				ASSETCATALOG_COMPILER_APPICON_NAME = AppIcon;
				ASSETCATALOG_COMPILER_GLOBAL_ACCENT_COLOR_NAME = AccentColor;
				CODE_SIGN_STYLE = Automatic;
				CURRENT_PROJECT_VERSION = 1;
				DEVELOPMENT_ASSET_PATHS = "\"chefhelper/Preview Content\"";
				DEVELOPMENT_TEAM = YZC3JJT2AU;
				ENABLE_PREVIEWS = YES;
				GENERATE_INFOPLIST_FILE = YES;
				INFOPLIST_KEY_UIApplicationSceneManifest_Generation = YES;
				INFOPLIST_KEY_UIApplicationSupportsIndirectInputEvents = YES;
				INFOPLIST_KEY_UILaunchScreen_Generation = YES;
				INFOPLIST_KEY_UISupportedInterfaceOrientations_iPad = "UIInterfaceOrientationPortrait UIInterfaceOrientationPortraitUpsideDown UIInterfaceOrientationLandscapeLeft UIInterfaceOrientationLandscapeRight";
				INFOPLIST_KEY_UISupportedInterfaceOrientations_iPhone = "UIInterfaceOrientationPortrait UIInterfaceOrientationLandscapeLeft UIInterfaceOrientationLandscapeRight";
				IPHONEOS_DEPLOYMENT_TARGET = 17.0;
				LD_RUNPATH_SEARCH_PATHS = (
					"$(inherited)",
					"@executable_path/Frameworks",
				);
				MARKETING_VERSION = 1.0;
				PRODUCT_BUNDLE_IDENTIFIER = av.chefhelper;
				PRODUCT_NAME = "$(TARGET_NAME)";
				SWIFT_EMIT_LOC_STRINGS = YES;
				SWIFT_VERSION = 5.0;
				TARGETED_DEVICE_FAMILY = "1,2";
			};
			name = Debug;
		};
		84C1FB502D3E97A2003B0FB9 /* Release */ = {
			isa = XCBuildConfiguration;
			buildSettings = {
				ASSETCATALOG_COMPILER_APPICON_NAME = AppIcon;
				ASSETCATALOG_COMPILER_GLOBAL_ACCENT_COLOR_NAME = AccentColor;
				CODE_SIGN_STYLE = Automatic;
				CURRENT_PROJECT_VERSION = 1;
				DEVELOPMENT_ASSET_PATHS = "\"chefhelper/Preview Content\"";
				DEVELOPMENT_TEAM = YZC3JJT2AU;
				ENABLE_PREVIEWS = YES;
				GENERATE_INFOPLIST_FILE = YES;
				INFOPLIST_KEY_UIApplicationSceneManifest_Generation = YES;
				INFOPLIST_KEY_UIApplicationSupportsIndirectInputEvents = YES;
				INFOPLIST_KEY_UILaunchScreen_Generation = YES;
				INFOPLIST_KEY_UISupportedInterfaceOrientations_iPad = "UIInterfaceOrientationPortrait UIInterfaceOrientationPortraitUpsideDown UIInterfaceOrientationLandscapeLeft UIInterfaceOrientationLandscapeRight";
				INFOPLIST_KEY_UISupportedInterfaceOrientations_iPhone = "UIInterfaceOrientationPortrait UIInterfaceOrientationLandscapeLeft UIInterfaceOrientationLandscapeRight";
				IPHONEOS_DEPLOYMENT_TARGET = 17.0;
				LD_RUNPATH_SEARCH_PATHS = (
					"$(inherited)",
					"@executable_path/Frameworks",
				);
				MARKETING_VERSION = 1.0;
				PRODUCT_BUNDLE_IDENTIFIER = av.chefhelper;
				PRODUCT_NAME = "$(TARGET_NAME)";
				SWIFT_EMIT_LOC_STRINGS = YES;
				SWIFT_VERSION = 5.0;
				TARGETED_DEVICE_FAMILY = "1,2";
			};
			name = Release;
		};
		84C1FB522D3E97A2003B0FB9 /* Debug */ = {
			isa = XCBuildConfiguration;
			buildSettings = {
				BUNDLE_LOADER = "$(TEST_HOST)";
				CODE_SIGN_STYLE = Automatic;
				CURRENT_PROJECT_VERSION = 1;
				DEVELOPMENT_TEAM = YZC3JJT2AU;
				GENERATE_INFOPLIST_FILE = YES;
				IPHONEOS_DEPLOYMENT_TARGET = 18.2;
				MARKETING_VERSION = 1.0;
				PRODUCT_BUNDLE_IDENTIFIER = av.chefhelperTests;
				PRODUCT_NAME = "$(TARGET_NAME)";
				SWIFT_EMIT_LOC_STRINGS = NO;
				SWIFT_VERSION = 5.0;
				TARGETED_DEVICE_FAMILY = "1,2";
			};
			name = Debug;
		};
		84C1FB532D3E97A2003B0FB9 /* Release */ = {
			isa = XCBuildConfiguration;
			buildSettings = {
				BUNDLE_LOADER = "$(TEST_HOST)";
				CODE_SIGN_STYLE = Automatic;
				CURRENT_PROJECT_VERSION = 1;
				DEVELOPMENT_TEAM = YZC3JJT2AU;
				GENERATE_INFOPLIST_FILE = YES;
				IPHONEOS_DEPLOYMENT_TARGET = 18.2;
				MARKETING_VERSION = 1.0;
				PRODUCT_BUNDLE_IDENTIFIER = av.chefhelperTests;
				PRODUCT_NAME = "$(TARGET_NAME)";
				SWIFT_EMIT_LOC_STRINGS = NO;
				SWIFT_VERSION = 5.0;
				TARGETED_DEVICE_FAMILY = "1,2";
			};
			name = Release;
		};
		84C1FB552D3E97A2003B0FB9 /* Debug */ = {
			isa = XCBuildConfiguration;
			buildSettings = {
				CODE_SIGN_STYLE = Automatic;
				CURRENT_PROJECT_VERSION = 1;
				DEVELOPMENT_TEAM = YZC3JJT2AU;
				GENERATE_INFOPLIST_FILE = YES;
				MARKETING_VERSION = 1.0;
				PRODUCT_BUNDLE_IDENTIFIER = av.chefhelperUITests;
				PRODUCT_NAME = "$(TARGET_NAME)";
				SWIFT_EMIT_LOC_STRINGS = NO;
				SWIFT_VERSION = 5.0;
				TARGETED_DEVICE_FAMILY = "1,2";
				TEST_TARGET_NAME = chefhelper;
			};
			name = Debug;
		};
		84C1FB562D3E97A2003B0FB9 /* Release */ = {
			isa = XCBuildConfiguration;
			buildSettings = {
				CODE_SIGN_STYLE = Automatic;
				CURRENT_PROJECT_VERSION = 1;
				DEVELOPMENT_TEAM = YZC3JJT2AU;
				GENERATE_INFOPLIST_FILE = YES;
				MARKETING_VERSION = 1.0;
				PRODUCT_BUNDLE_IDENTIFIER = av.chefhelperUITests;
				PRODUCT_NAME = "$(TARGET_NAME)";
				SWIFT_EMIT_LOC_STRINGS = NO;
				SWIFT_VERSION = 5.0;
				TARGETED_DEVICE_FAMILY = "1,2";
				TEST_TARGET_NAME = chefhelper;
			};
			name = Release;
		};
/* End XCBuildConfiguration section */

/* Begin XCConfigurationList section */
		84C1FB232D3E97A0003B0FB9 /* Build configuration list for PBXProject "chefhelper" */ = {
			isa = XCConfigurationList;
			buildConfigurations = (
				84C1FB4C2D3E97A2003B0FB9 /* Debug */,
				84C1FB4D2D3E97A2003B0FB9 /* Release */,
			);
			defaultConfigurationIsVisible = 0;
			defaultConfigurationName = Release;
		};
		84C1FB4E2D3E97A2003B0FB9 /* Build configuration list for PBXNativeTarget "chefhelper" */ = {
			isa = XCConfigurationList;
			buildConfigurations = (
				84C1FB4F2D3E97A2003B0FB9 /* Debug */,
				84C1FB502D3E97A2003B0FB9 /* Release */,
			);
			defaultConfigurationIsVisible = 0;
			defaultConfigurationName = Release;
		};
		84C1FB512D3E97A2003B0FB9 /* Build configuration list for PBXNativeTarget "chefhelperTests" */ = {
			isa = XCConfigurationList;
			buildConfigurations = (
				84C1FB522D3E97A2003B0FB9 /* Debug */,
				84C1FB532D3E97A2003B0FB9 /* Release */,
			);
			defaultConfigurationIsVisible = 0;
			defaultConfigurationName = Release;
		};
		84C1FB542D3E97A2003B0FB9 /* Build configuration list for PBXNativeTarget "chefhelperUITests" */ = {
			isa = XCConfigurationList;
			buildConfigurations = (
				84C1FB552D3E97A2003B0FB9 /* Debug */,
				84C1FB562D3E97A2003B0FB9 /* Release */,
			);
			defaultConfigurationIsVisible = 0;
			defaultConfigurationName = Release;
		};
/* End XCConfigurationList section */
	};
	rootObject = 84C1FB202D3E97A0003B0FB9 /* Project object */;
}
